
Microsoft Visual Studio Solution File, Format Version 12.00
# Visual Studio Version 16
VisualStudioVersion = 16.0.31702.278
MinimumVisualStudioVersion = 10.0.40219.1
Project("{FAE04EC0-301F-11D3-BF4B-00C04F79EFBC}") = "FitnessTracker", "FitnessTracker.csproj", "{E6A20642-0EA8-44EF-82A1-26D710BCC2CF}"
EndProject
Project("{FAE04EC0-301F-11D3-BF4B-00C04F79EFBC}") = "FitnessForm", "..\FitnessForm\FitnessForm.csproj", "{00870A1E-9848-458D-BFDF-9198E88D1CE1}"
EndProject
Global
	GlobalSection(SolutionConfigurationPlatforms) = preSolution
		Debug|Any CPU = Debug|Any CPU
		Release|Any CPU = Release|Any CPU
	EndGlobalSection
	GlobalSection(ProjectConfigurationPlatforms) = postSolution
		{E6A20642-0EA8-44EF-82A1-26D710BCC2CF}.Debug|Any CPU.ActiveCfg = Debug|Any CPU
		{E6A20642-0EA8-44EF-82A1-26D710BCC2CF}.Debug|Any CPU.Build.0 = Debug|Any CPU
		{E6A20642-0EA8-44EF-82A1-26D710BCC2CF}.Release|Any CPU.ActiveCfg = Release|Any CPU
		{E6A20642-0EA8-44EF-82A1-26D710BCC2CF}.Release|Any CPU.Build.0 = Release|Any CPU
		{00870A1E-9848-458D-BFDF-9198E88D1CE1}.Debug|Any CPU.ActiveCfg = Debug|Any CPU
		{00870A1E-9848-458D-BFDF-9198E88D1CE1}.Debug|Any CPU.Build.0 = Debug|Any CPU
		{00870A1E-9848-458D-BFDF-9198E88D1CE1}.Release|Any CPU.ActiveCfg = Release|Any CPU
		{00870A1E-9848-458D-BFDF-9198E88D1CE1}.Release|Any CPU.Build.0 = Release|Any CPU
	EndGlobalSection
	GlobalSection(SolutionProperties) = preSolution
		HideSolutionNode = FALSE
	EndGlobalSection
	GlobalSection(ExtensibilityGlobals) = postSolution
		SolutionGuid = {38B33E1E-0766-40EA-A86E-7EED5CF5458B}
	EndGlobalSection
EndGlobal
